
Microsoft Visual Studio Solution File, Format Version 12.00
# Visual Studio Version 17
VisualStudioVersion = 17.0.31903.59
MinimumVisualStudioVersion = 10.0.40219.1
Project("{FAE04EC0-301F-11D3-BF4B-00C04F79EFBC}") = "CondoManager.Entity", "CondoManager.Entity\CondoManager.Entity.csproj", "{81EB763C-92F6-4C1D-91C4-5865F443342A}"
EndProject
Project("{FAE04EC0-301F-11D3-BF4B-00C04F79EFBC}") = "CondoManager.Repository", "CondoManager.Repository\CondoManager.Repository.csproj", "{18695B27-B76D-45E4-A54B-8BAB1A2A9407}"
EndProject
Global
	GlobalSection(SolutionConfigurationPlatforms) = preSolution
		Debug|Any CPU = Debug|Any CPU
		Debug|x64 = Debug|x64
		Debug|x86 = Debug|x86
		Release|Any CPU = Release|Any CPU
		Release|x64 = Release|x64
		Release|x86 = Release|x86
	EndGlobalSection
	GlobalSection(ProjectConfigurationPlatforms) = postSolution
		{81EB763C-92F6-4C1D-91C4-5865F443342A}.Debug|Any CPU.ActiveCfg = Debug|Any CPU
		{81EB763C-92F6-4C1D-91C4-5865F443342A}.Debug|Any CPU.Build.0 = Debug|Any CPU
		{81EB763C-92F6-4C1D-91C4-5865F443342A}.Debug|x64.ActiveCfg = Debug|Any CPU
		{81EB763C-92F6-4C1D-91C4-5865F443342A}.Debug|x64.Build.0 = Debug|Any CPU
		{81EB763C-92F6-4C1D-91C4-5865F443342A}.Debug|x86.ActiveCfg = Debug|Any CPU
		{81EB763C-92F6-4C1D-91C4-5865F443342A}.Debug|x86.Build.0 = Debug|Any CPU
		{81EB763C-92F6-4C1D-91C4-5865F443342A}.Release|Any CPU.ActiveCfg = Release|Any CPU
		{81EB763C-92F6-4C1D-91C4-5865F443342A}.Release|Any CPU.Build.0 = Release|Any CPU
		{81EB763C-92F6-4C1D-91C4-5865F443342A}.Release|x64.ActiveCfg = Release|Any CPU
		{81EB763C-92F6-4C1D-91C4-5865F443342A}.Release|x64.Build.0 = Release|Any CPU
		{81EB763C-92F6-4C1D-91C4-5865F443342A}.Release|x86.ActiveCfg = Release|Any CPU
		{81EB763C-92F6-4C1D-91C4-5865F443342A}.Release|x86.Build.0 = Release|Any CPU
		{18695B27-B76D-45E4-A54B-8BAB1A2A9407}.Debug|Any CPU.ActiveCfg = Debug|Any CPU
		{18695B27-B76D-45E4-A54B-8BAB1A2A9407}.Debug|Any CPU.Build.0 = Debug|Any CPU
		{18695B27-B76D-45E4-A54B-8BAB1A2A9407}.Debug|x64.ActiveCfg = Debug|Any CPU
		{18695B27-B76D-45E4-A54B-8BAB1A2A9407}.Debug|x64.Build.0 = Debug|Any CPU
		{18695B27-B76D-45E4-A54B-8BAB1A2A9407}.Debug|x86.ActiveCfg = Debug|Any CPU
		{18695B27-B76D-45E4-A54B-8BAB1A2A9407}.Debug|x86.Build.0 = Debug|Any CPU
		{18695B27-B76D-45E4-A54B-8BAB1A2A9407}.Release|Any CPU.ActiveCfg = Release|Any CPU
		{18695B27-B76D-45E4-A54B-8BAB1A2A9407}.Release|Any CPU.Build.0 = Release|Any CPU
		{18695B27-B76D-45E4-A54B-8BAB1A2A9407}.Release|x64.ActiveCfg = Release|Any CPU
		{18695B27-B76D-45E4-A54B-8BAB1A2A9407}.Release|x64.Build.0 = Release|Any CPU
		{18695B27-B76D-45E4-A54B-8BAB1A2A9407}.Release|x86.ActiveCfg = Release|Any CPU
		{18695B27-B76D-45E4-A54B-8BAB1A2A9407}.Release|x86.Build.0 = Release|Any CPU
	EndGlobalSection
	GlobalSection(SolutionProperties) = preSolution
		HideSolutionNode = FALSE
	EndGlobalSection
EndGlobal
